
Microsoft Visual Studio Solution File, Format Version 12.00
# Visual Studio 15
VisualStudioVersion = 15.0.28307.421
MinimumVisualStudioVersion = 10.0.40219.1
Project("{FAE04EC0-301F-11D3-BF4B-00C04F79EFBC}") = "CourseWork", "CourseWork\CourseWork.csproj", "{E8EC9412-29D1-4A7C-82F8-C0C4A7326462}"
EndProject
Global
	GlobalSection(SolutionConfigurationPlatforms) = preSolution
		Debug|Any CPU = Debug|Any CPU
		Release|Any CPU = Release|Any CPU
	EndGlobalSection
	GlobalSection(ProjectConfigurationPlatforms) = postSolution
		{E8EC9412-29D1-4A7C-82F8-C0C4A7326462}.Debug|Any CPU.ActiveCfg = Debug|Any CPU
		{E8EC9412-29D1-4A7C-82F8-C0C4A7326462}.Debug|Any CPU.Build.0 = Debug|Any CPU
		{E8EC9412-29D1-4A7C-82F8-C0C4A7326462}.Release|Any CPU.ActiveCfg = Release|Any CPU
		{E8EC9412-29D1-4A7C-82F8-C0C4A7326462}.Release|Any CPU.Build.0 = Release|Any CPU
	EndGlobalSection
	GlobalSection(SolutionProperties) = preSolution
		HideSolutionNode = FALSE
	EndGlobalSection
	GlobalSection(ExtensibilityGlobals) = postSolution
		SolutionGuid = {7A65FA62-3684-41AD-A08C-F16AB7906576}
	EndGlobalSection
EndGlobal
